
Microsoft Visual Studio Solution File, Format Version 12.00
# Visual Studio 15
VisualStudioVersion = 15.0.27428.2011
MinimumVisualStudioVersion = 10.0.40219.1
Project("{FAE04EC0-301F-11D3-BF4B-00C04F79EFBC}") = "metainf", "metainf\metainf.csproj", "{53BDB53B-3C54-4B71-A05F-894CCCBDE7B1}"
EndProject
Global
	GlobalSection(SolutionConfigurationPlatforms) = preSolution
		Debug|Any CPU = Debug|Any CPU
		Release|Any CPU = Release|Any CPU
	EndGlobalSection
	GlobalSection(ProjectConfigurationPlatforms) = postSolution
		{53BDB53B-3C54-4B71-A05F-894CCCBDE7B1}.Debug|Any CPU.ActiveCfg = Debug|Any CPU
		{53BDB53B-3C54-4B71-A05F-894CCCBDE7B1}.Debug|Any CPU.Build.0 = Debug|Any CPU
		{53BDB53B-3C54-4B71-A05F-894CCCBDE7B1}.Release|Any CPU.ActiveCfg = Release|Any CPU
		{53BDB53B-3C54-4B71-A05F-894CCCBDE7B1}.Release|Any CPU.Build.0 = Release|Any CPU
	EndGlobalSection
	GlobalSection(SolutionProperties) = preSolution
		HideSolutionNode = FALSE
	EndGlobalSection
	GlobalSection(ExtensibilityGlobals) = postSolution
		SolutionGuid = {44DA2122-FC7A-49B6-9255-B2725C427C04}
	EndGlobalSection
EndGlobal
